<Solution>
  <Folder Name="/src/">
    <Project Path="src/Ferreteria.Api/Ferreteria.Api.csproj" />
    <Project Path="src/Ferreteria.Application/Ferreteria.Application.csproj" />
    <Project Path="src/Ferreteria.Domain/Ferreteria.Domain.csproj" />
    <Project Path="src/Ferreteria.Infrastructure/Ferreteria.Infrastructure.csproj" />
    <Project Path="src/Ferreteria.Shared/Ferreteria.Shared.csproj" />
  </Folder>
</Solution>
